
Microsoft Visual Studio Solution File, Format Version 12.00
# Visual Studio Version 17
VisualStudioVersion = 17.3.32901.215
MinimumVisualStudioVersion = 10.0.40219.1
Project("{FAE04EC0-301F-11D3-BF4B-00C04F79EFBC}") = "Hotel", "Hotel\Hotel.csproj", "{679D128C-2910-465F-BAAA-98A2C6F00773}"
EndProject
Global
	GlobalSection(SolutionConfigurationPlatforms) = preSolution
		Debug|Any CPU = Debug|Any CPU
		Release|Any CPU = Release|Any CPU
	EndGlobalSection
	GlobalSection(ProjectConfigurationPlatforms) = postSolution
		{679D128C-2910-465F-BAAA-98A2C6F00773}.Debug|Any CPU.ActiveCfg = Debug|Any CPU
		{679D128C-2910-465F-BAAA-98A2C6F00773}.Debug|Any CPU.Build.0 = Debug|Any CPU
		{679D128C-2910-465F-BAAA-98A2C6F00773}.Release|Any CPU.ActiveCfg = Release|Any CPU
		{679D128C-2910-465F-BAAA-98A2C6F00773}.Release|Any CPU.Build.0 = Release|Any CPU
	EndGlobalSection
	GlobalSection(SolutionProperties) = preSolution
		HideSolutionNode = FALSE
	EndGlobalSection
	GlobalSection(ExtensibilityGlobals) = postSolution
		SolutionGuid = {4ADA00F7-E854-4AAB-B78C-6978DDC88666}
	EndGlobalSection
EndGlobal
